// !$*UTF8*$!
{
	archiveVersion = 1;
	classes = {
	};
	objectVersion = 46;
	objects = {

/* Begin PBXBuildFile section */
		B3745A421BF19BB1001EA3B2 /* AppDelegate.swift in Sources */ = {isa = PBXBuildFile; fileRef = B3745A411BF19BB1001EA3B2 /* AppDelegate.swift */; };
		B3745A441BF19BB1001EA3B2 /* ViewController.swift in Sources */ = {isa = PBXBuildFile; fileRef = B3745A431BF19BB1001EA3B2 /* ViewController.swift */; };
		B3745A471BF19BB1001EA3B2 /* Main.storyboard in Resources */ = {isa = PBXBuildFile; fileRef = B3745A451BF19BB1001EA3B2 /* Main.storyboard */; };
		B3745A491BF19BB1001EA3B2 /* Images.xcassets in Resources */ = {isa = PBXBuildFile; fileRef = B3745A481BF19BB1001EA3B2 /* Images.xcassets */; };
		B3745A4C1BF19BB1001EA3B2 /* LaunchScreen.xib in Resources */ = {isa = PBXBuildFile; fileRef = B3745A4A1BF19BB1001EA3B2 /* LaunchScreen.xib */; };
		B3745A581BF19BB1001EA3B2 /* Demo_TextKitTests.swift in Sources */ = {isa = PBXBuildFile; fileRef = B3745A571BF19BB1001EA3B2 /* Demo_TextKitTests.swift */; };
		B3745A621BF1A2A6001EA3B2 /* TwoColumnViewController.swift in Sources */ = {isa = PBXBuildFile; fileRef = B3745A611BF1A2A6001EA3B2 /* TwoColumnViewController.swift */; };
		B3745A641BF1B4E4001EA3B2 /* NavigationController.swift in Sources */ = {isa = PBXBuildFile; fileRef = B3745A631BF1B4E4001EA3B2 /* NavigationController.swift */; };
		B3745A661BF1B7CA001EA3B2 /* ExclusionPathViewController.swift in Sources */ = {isa = PBXBuildFile; fileRef = B3745A651BF1B7CA001EA3B2 /* ExclusionPathViewController.swift */; };
		B3745A681BF1B80C001EA3B2 /* TextAnimationViewController.swift in Sources */ = {isa = PBXBuildFile; fileRef = B3745A671BF1B80C001EA3B2 /* TextAnimationViewController.swift */; };
		B3745A6A1BF1CCFB001EA3B2 /* Constant.swift in Sources */ = {isa = PBXBuildFile; fileRef = B3745A691BF1CCFB001EA3B2 /* Constant.swift */; };
/* End PBXBuildFile section */

/* Begin PBXContainerItemProxy section */
		B3745A521BF19BB1001EA3B2 /* PBXContainerItemProxy */ = {
			isa = PBXContainerItemProxy;
			containerPortal = B3745A341BF19BB1001EA3B2 /* Project object */;
			proxyType = 1;
			remoteGlobalIDString = B3745A3B1BF19BB1001EA3B2;
			remoteInfo = Demo_TextKit;
		};
/* End PBXContainerItemProxy section */

/* Begin PBXFileReference section */
		B3745A3C1BF19BB1001EA3B2 /* Demo_TextKit.app */ = {isa = PBXFileReference; explicitFileType = wrapper.application; includeInIndex = 0; path = Demo_TextKit.app; sourceTree = BUILT_PRODUCTS_DIR; };
		B3745A401BF19BB1001EA3B2 /* Info.plist */ = {isa = PBXFileReference; lastKnownFileType = text.plist.xml; path = Info.plist; sourceTree = "<group>"; };
		B3745A411BF19BB1001EA3B2 /* AppDelegate.swift */ = {isa = PBXFileReference; lastKnownFileType = sourcecode.swift; path = AppDelegate.swift; sourceTree = "<group>"; };
		B3745A431BF19BB1001EA3B2 /* ViewController.swift */ = {isa = PBXFileReference; lastKnownFileType = sourcecode.swift; path = ViewController.swift; sourceTree = "<group>"; };
		B3745A461BF19BB1001EA3B2 /* Base */ = {isa = PBXFileReference; lastKnownFileType = file.storyboard; name = Base; path = Base.lproj/Main.storyboard; sourceTree = "<group>"; };
		B3745A481BF19BB1001EA3B2 /* Images.xcassets */ = {isa = PBXFileReference; lastKnownFileType = folder.assetcatalog; path = Images.xcassets; sourceTree = "<group>"; };
		B3745A4B1BF19BB1001EA3B2 /* Base */ = {isa = PBXFileReference; lastKnownFileType = file.xib; name = Base; path = Base.lproj/LaunchScreen.xib; sourceTree = "<group>"; };
		B3745A511BF19BB1001EA3B2 /* Demo_TextKitTests.xctest */ = {isa = PBXFileReference; explicitFileType = wrapper.cfbundle; includeInIndex = 0; path = Demo_TextKitTests.xctest; sourceTree = BUILT_PRODUCTS_DIR; };
		B3745A561BF19BB1001EA3B2 /* Info.plist */ = {isa = PBXFileReference; lastKnownFileType = text.plist.xml; path = Info.plist; sourceTree = "<group>"; };
		B3745A571BF19BB1001EA3B2 /* Demo_TextKitTests.swift */ = {isa = PBXFileReference; lastKnownFileType = sourcecode.swift; path = Demo_TextKitTests.swift; sourceTree = "<group>"; };
		B3745A611BF1A2A6001EA3B2 /* TwoColumnViewController.swift */ = {isa = PBXFileReference; fileEncoding = 4; lastKnownFileType = sourcecode.swift; path = TwoColumnViewController.swift; sourceTree = "<group>"; };
		B3745A631BF1B4E4001EA3B2 /* NavigationController.swift */ = {isa = PBXFileReference; fileEncoding = 4; lastKnownFileType = sourcecode.swift; path = NavigationController.swift; sourceTree = "<group>"; };
		B3745A651BF1B7CA001EA3B2 /* ExclusionPathViewController.swift */ = {isa = PBXFileReference; fileEncoding = 4; lastKnownFileType = sourcecode.swift; path = ExclusionPathViewController.swift; sourceTree = "<group>"; };
		B3745A671BF1B80C001EA3B2 /* TextAnimationViewController.swift */ = {isa = PBXFileReference; fileEncoding = 4; lastKnownFileType = sourcecode.swift; path = TextAnimationViewController.swift; sourceTree = "<group>"; };
		B3745A691BF1CCFB001EA3B2 /* Constant.swift */ = {isa = PBXFileReference; fileEncoding = 4; lastKnownFileType = sourcecode.swift; path = Constant.swift; sourceTree = "<group>"; };
/* End PBXFileReference section */

/* Begin PBXFrameworksBuildPhase section */
		B3745A391BF19BB1001EA3B2 /* Frameworks */ = {
			isa = PBXFrameworksBuildPhase;
			buildActionMask = 2147483647;
			files = (
			);
			runOnlyForDeploymentPostprocessing = 0;
		};
		B3745A4E1BF19BB1001EA3B2 /* Frameworks */ = {
			isa = PBXFrameworksBuildPhase;
			buildActionMask = 2147483647;
			files = (
			);
			runOnlyForDeploymentPostprocessing = 0;
		};
/* End PBXFrameworksBuildPhase section */

/* Begin PBXGroup section */
		B3745A331BF19BB1001EA3B2 = {
			isa = PBXGroup;
			children = (
				B3745A3E1BF19BB1001EA3B2 /* Demo_TextKit */,
				B3745A541BF19BB1001EA3B2 /* Demo_TextKitTests */,
				B3745A3D1BF19BB1001EA3B2 /* Products */,
			);
			sourceTree = "<group>";
		};
		B3745A3D1BF19BB1001EA3B2 /* Products */ = {
			isa = PBXGroup;
			children = (
				B3745A3C1BF19BB1001EA3B2 /* Demo_TextKit.app */,
				B3745A511BF19BB1001EA3B2 /* Demo_TextKitTests.xctest */,
			);
			name = Products;
			sourceTree = "<group>";
		};
		B3745A3E1BF19BB1001EA3B2 /* Demo_TextKit */ = {
			isa = PBXGroup;
			children = (
				B3745A411BF19BB1001EA3B2 /* AppDelegate.swift */,
				B3745A431BF19BB1001EA3B2 /* ViewController.swift */,
				B3745A451BF19BB1001EA3B2 /* Main.storyboard */,
				B3745A481BF19BB1001EA3B2 /* Images.xcassets */,
				B3745A4A1BF19BB1001EA3B2 /* LaunchScreen.xib */,
				B3745A3F1BF19BB1001EA3B2 /* Supporting Files */,
				B3745A611BF1A2A6001EA3B2 /* TwoColumnViewController.swift */,
				B3745A631BF1B4E4001EA3B2 /* NavigationController.swift */,
				B3745A651BF1B7CA001EA3B2 /* ExclusionPathViewController.swift */,
				B3745A671BF1B80C001EA3B2 /* TextAnimationViewController.swift */,
				B3745A691BF1CCFB001EA3B2 /* Constant.swift */,
			);
			path = Demo_TextKit;
			sourceTree = "<group>";
		};
		B3745A3F1BF19BB1001EA3B2 /* Supporting Files */ = {
			isa = PBXGroup;
			children = (
				B3745A401BF19BB1001EA3B2 /* Info.plist */,
			);
			name = "Supporting Files";
			sourceTree = "<group>";
		};
		B3745A541BF19BB1001EA3B2 /* Demo_TextKitTests */ = {
			isa = PBXGroup;
			children = (
				B3745A571BF19BB1001EA3B2 /* Demo_TextKitTests.swift */,
				B3745A551BF19BB1001EA3B2 /* Supporting Files */,
			);
			path = Demo_TextKitTests;
			sourceTree = "<group>";
		};
		B3745A551BF19BB1001EA3B2 /* Supporting Files */ = {
			isa = PBXGroup;
			children = (
				B3745A561BF19BB1001EA3B2 /* Info.plist */,
			);
			name = "Supporting Files";
			sourceTree = "<group>";
		};
/* End PBXGroup section */

/* Begin PBXNativeTarget section */
		B3745A3B1BF19BB1001EA3B2 /* Demo_TextKit */ = {
			isa = PBXNativeTarget;
			buildConfigurationList = B3745A5B1BF19BB1001EA3B2 /* Build configuration list for PBXNativeTarget "Demo_TextKit" */;
			buildPhases = (
				B3745A381BF19BB1001EA3B2 /* Sources */,
				B3745A391BF19BB1001EA3B2 /* Frameworks */,
				B3745A3A1BF19BB1001EA3B2 /* Resources */,
			);
			buildRules = (
			);
			dependencies = (
			);
			name = Demo_TextKit;
			productName = Demo_TextKit;
			productReference = B3745A3C1BF19BB1001EA3B2 /* Demo_TextKit.app */;
			productType = "com.apple.product-type.application";
		};
		B3745A501BF19BB1001EA3B2 /* Demo_TextKitTests */ = {
			isa = PBXNativeTarget;
			buildConfigurationList = B3745A5E1BF19BB1001EA3B2 /* Build configuration list for PBXNativeTarget "Demo_TextKitTests" */;
			buildPhases = (
				B3745A4D1BF19BB1001EA3B2 /* Sources */,
				B3745A4E1BF19BB1001EA3B2 /* Frameworks */,
				B3745A4F1BF19BB1001EA3B2 /* Resources */,
			);
			buildRules = (
			);
			dependencies = (
				B3745A531BF19BB1001EA3B2 /* PBXTargetDependency */,
			);
			name = Demo_TextKitTests;
			productName = Demo_TextKitTests;
			productReference = B3745A511BF19BB1001EA3B2 /* Demo_TextKitTests.xctest */;
			productType = "com.apple.product-type.bundle.unit-test";
		};
/* End PBXNativeTarget section */

/* Begin PBXProject section */
		B3745A341BF19BB1001EA3B2 /* Project object */ = {
			isa = PBXProject;
			attributes = {
				LastUpgradeCheck = 0640;
				ORGANIZATIONNAME = "Yu Pengyang";
				TargetAttributes = {
					B3745A3B1BF19BB1001EA3B2 = {
						CreatedOnToolsVersion = 6.4;
					};
					B3745A501BF19BB1001EA3B2 = {
						CreatedOnToolsVersion = 6.4;
						TestTargetID = B3745A3B1BF19BB1001EA3B2;
					};
				};
			};
			buildConfigurationList = B3745A371BF19BB1001EA3B2 /* Build configuration list for PBXProject "Demo_TextKit" */;
			compatibilityVersion = "Xcode 3.2";
			developmentRegion = English;
			hasScannedForEncodings = 0;
			knownRegions = (
				en,
				Base,
			);
			mainGroup = B3745A331BF19BB1001EA3B2;
			productRefGroup = B3745A3D1BF19BB1001EA3B2 /* Products */;
			projectDirPath = "";
			projectRoot = "";
			targets = (
				B3745A3B1BF19BB1001EA3B2 /* Demo_TextKit */,
				B3745A501BF19BB1001EA3B2 /* Demo_TextKitTests */,
			);
		};
/* End PBXProject section */

/* Begin PBXResourcesBuildPhase section */
		B3745A3A1BF19BB1001EA3B2 /* Resources */ = {
			isa = PBXResourcesBuildPhase;
			buildActionMask = 2147483647;
			files = (
				B3745A471BF19BB1001EA3B2 /* Main.storyboard in Resources */,
				B3745A4C1BF19BB1001EA3B2 /* LaunchScreen.xib in Resources */,
				B3745A491BF19BB1001EA3B2 /* Images.xcassets in Resources */,
			);
			runOnlyForDeploymentPostprocessing = 0;
		};
		B3745A4F1BF19BB1001EA3B2 /* Resources */ = {
			isa = PBXResourcesBuildPhase;
			buildActionMask = 2147483647;
			files = (
			);
			runOnlyForDeploymentPostprocessing = 0;
		};
/* End PBXResourcesBuildPhase section */

/* Begin PBXSourcesBuildPhase section */
		B3745A381BF19BB1001EA3B2 /* Sources */ = {
			isa = PBXSourcesBuildPhase;
			buildActionMask = 2147483647;
			files = (
				B3745A6A1BF1CCFB001EA3B2 /* Constant.swift in Sources */,
				B3745A681BF1B80C001EA3B2 /* TextAnimationViewController.swift in Sources */,
				B3745A621BF1A2A6001EA3B2 /* TwoColumnViewController.swift in Sources */,
				B3745A641BF1B4E4001EA3B2 /* NavigationController.swift in Sources */,
				B3745A441BF19BB1001EA3B2 /* ViewController.swift in Sources */,
				B3745A661BF1B7CA001EA3B2 /* ExclusionPathViewController.swift in Sources */,
				B3745A421BF19BB1001EA3B2 /* AppDelegate.swift in Sources */,
			);
			runOnlyForDeploymentPostprocessing = 0;
		};
		B3745A4D1BF19BB1001EA3B2 /* Sources */ = {
			isa = PBXSourcesBuildPhase;
			buildActionMask = 2147483647;
			files = (
				B3745A581BF19BB1001EA3B2 /* Demo_TextKitTests.swift in Sources */,
			);
			runOnlyForDeploymentPostprocessing = 0;
		};
/* End PBXSourcesBuildPhase section */

/* Begin PBXTargetDependency section */
		B3745A531BF19BB1001EA3B2 /* PBXTargetDependency */ = {
			isa = PBXTargetDependency;
			target = B3745A3B1BF19BB1001EA3B2 /* Demo_TextKit */;
			targetProxy = B3745A521BF19BB1001EA3B2 /* PBXContainerItemProxy */;
		};
/* End PBXTargetDependency section */

/* Begin PBXVariantGroup section */
		B3745A451BF19BB1001EA3B2 /* Main.storyboard */ = {
			isa = PBXVariantGroup;
			children = (
				B3745A461BF19BB1001EA3B2 /* Base */,
			);
			name = Main.storyboard;
			sourceTree = "<group>";
		};
		B3745A4A1BF19BB1001EA3B2 /* LaunchScreen.xib */ = {
			isa = PBXVariantGroup;
			children = (
				B3745A4B1BF19BB1001EA3B2 /* Base */,
			);
			name = LaunchScreen.xib;
			sourceTree = "<group>";
		};
/* End PBXVariantGroup section */

/* Begin XCBuildConfiguration section */
		B3745A591BF19BB1001EA3B2 /* Debug */ = {
			isa = XCBuildConfiguration;
			buildSettings = {
				ALWAYS_SEARCH_USER_PATHS = NO;
				CLANG_CXX_LANGUAGE_STANDARD = "gnu++0x";
				CLANG_CXX_LIBRARY = "libc++";
				CLANG_ENABLE_MODULES = YES;
				CLANG_ENABLE_OBJC_ARC = YES;
				CLANG_WARN_BOOL_CONVERSION = YES;
				CLANG_WARN_CONSTANT_CONVERSION = YES;
				CLANG_WARN_DIRECT_OBJC_ISA_USAGE = YES_ERROR;
				CLANG_WARN_EMPTY_BODY = YES;
				CLANG_WARN_ENUM_CONVERSION = YES;
				CLANG_WARN_INT_CONVERSION = YES;
				CLANG_WARN_OBJC_ROOT_CLASS = YES_ERROR;
				CLANG_WARN_UNREACHABLE_CODE = YES;
				CLANG_WARN__DUPLICATE_METHOD_MATCH = YES;
				"CODE_SIGN_IDENTITY[sdk=iphoneos*]" = "iPhone Developer";
				COPY_PHASE_STRIP = NO;
				DEBUG_INFORMATION_FORMAT = "dwarf-with-dsym";
				ENABLE_STRICT_OBJC_MSGSEND = YES;
				GCC_C_LANGUAGE_STANDARD = gnu99;
				GCC_DYNAMIC_NO_PIC = NO;
				GCC_NO_COMMON_BLOCKS = YES;
				GCC_OPTIMIZATION_LEVEL = 0;
				GCC_PREPROCESSOR_DEFINITIONS = (
					"DEBUG=1",
					"$(inherited)",
				);
				GCC_SYMBOLS_PRIVATE_EXTERN = NO;
				GCC_WARN_64_TO_32_BIT_CONVERSION = YES;
				GCC_WARN_ABOUT_RETURN_TYPE = YES_ERROR;
				GCC_WARN_UNDECLARED_SELECTOR = YES;
				GCC_WARN_UNINITIALIZED_AUTOS = YES_AGGRESSIVE;
				GCC_WARN_UNUSED_FUNCTION = YES;
				GCC_WARN_UNUSED_VARIABLE = YES;
				IPHONEOS_DEPLOYMENT_TARGET = 8.4;
				MTL_ENABLE_DEBUG_INFO = YES;
				ONLY_ACTIVE_ARCH = YES;
				SDKROOT = iphoneos;
				SWIFT_OPTIMIZATION_LEVEL = "-Onone";
				TARGETED_DEVICE_FAMILY = "1,2";
			};
			name = Debug;
		};
		B3745A5A1BF19BB1001EA3B2 /* Release */ = {
			isa = XCBuildConfiguration;
			buildSettings = {
				ALWAYS_SEARCH_USER_PATHS = NO;
				CLANG_CXX_LANGUAGE_STANDARD = "gnu++0x";
				CLANG_CXX_LIBRARY = "libc++";
				CLANG_ENABLE_MODULES = YES;
				CLANG_ENABLE_OBJC_ARC = YES;
				CLANG_WARN_BOOL_CONVERSION = YES;
				CLANG_WARN_CONSTANT_CONVERSION = YES;
				CLANG_WARN_DIRECT_OBJC_ISA_USAGE = YES_ERROR;
				CLANG_WARN_EMPTY_BODY = YES;
				CLANG_WARN_ENUM_CONVERSION = YES;
				CLANG_WARN_INT_CONVERSION = YES;
				CLANG_WARN_OBJC_ROOT_CLASS = YES_ERROR;
				CLANG_WARN_UNREACHABLE_CODE = YES;
				CLANG_WARN__DUPLICATE_METHOD_MATCH = YES;
				"CODE_SIGN_IDENTITY[sdk=iphoneos*]" = "iPhone Developer";
				COPY_PHASE_STRIP = NO;
				DEBUG_INFORMATION_FORMAT = "dwarf-with-dsym";
				ENABLE_NS_ASSERTIONS = NO;
				ENABLE_STRICT_OBJC_MSGSEND = YES;
				GCC_C_LANGUAGE_STANDARD = gnu99;
				GCC_NO_COMMON_BLOCKS = YES;
				GCC_WARN_64_TO_32_BIT_CONVERSION = YES;
				GCC_WARN_ABOUT_RETURN_TYPE = YES_ERROR;
				GCC_WARN_UNDECLARED_SELECTOR = YES;
				GCC_WARN_UNINITIALIZED_AUTOS = YES_AGGRESSIVE;
				GCC_WARN_UNUSED_FUNCTION = YES;
				GCC_WARN_UNUSED_VARIABLE = YES;
				IPHONEOS_DEPLOYMENT_TARGET = 8.4;
				MTL_ENABLE_DEBUG_INFO = NO;
				SDKROOT = iphoneos;
				TARGETED_DEVICE_FAMILY = "1,2";
				VALIDATE_PRODUCT = YES;
			};
			name = Release;
		};
		B3745A5C1BF19BB1001EA3B2 /* Debug */ = {
			isa = XCBuildConfiguration;
			buildSettings = {
				ASSETCATALOG_COMPILER_APPICON_NAME = AppIcon;
				INFOPLIST_FILE = Demo_TextKit/Info.plist;
				IPHONEOS_DEPLOYMENT_TARGET = 7.0;
				LD_RUNPATH_SEARCH_PATHS = "$(inherited) @executable_path/Frameworks";
				PRODUCT_NAME = "$(TARGET_NAME)";
			};
			name = Debug;
		};
		B3745A5D1BF19BB1001EA3B2 /* Release */ = {
			isa = XCBuildConfiguration;
			buildSettings = {
				ASSETCATALOG_COMPILER_APPICON_NAME = AppIcon;
				INFOPLIST_FILE = Demo_TextKit/Info.plist;
				IPHONEOS_DEPLOYMENT_TARGET = 7.0;
				LD_RUNPATH_SEARCH_PATHS = "$(inherited) @executable_path/Frameworks";
				PRODUCT_NAME = "$(TARGET_NAME)";
			};
			name = Release;
		};
		B3745A5F1BF19BB1001EA3B2 /* Debug */ = {
			isa = XCBuildConfiguration;
			buildSettings = {
				BUNDLE_LOADER = "$(TEST_HOST)";
				FRAMEWORK_SEARCH_PATHS = (
					"$(SDKROOT)/Developer/Library/Frameworks",
					"$(inherited)",
				);
				GCC_PREPROCESSOR_DEFINITIONS = (
					"DEBUG=1",
					"$(inherited)",
				);
				INFOPLIST_FILE = Demo_TextKitTests/Info.plist;
				LD_RUNPATH_SEARCH_PATHS = "$(inherited) @executable_path/Frameworks @loader_path/Frameworks";
				PRODUCT_NAME = "$(TARGET_NAME)";
				TEST_HOST = "$(BUILT_PRODUCTS_DIR)/Demo_TextKit.app/Demo_TextKit";
			};
			name = Debug;
		};
		B3745A601BF19BB1001EA3B2 /* Release */ = {
			isa = XCBuildConfiguration;
			buildSettings = {
				BUNDLE_LOADER = "$(TEST_HOST)";
				FRAMEWORK_SEARCH_PATHS = (
					"$(SDKROOT)/Developer/Library/Frameworks",
					"$(inherited)",
				);
				INFOPLIST_FILE = Demo_TextKitTests/Info.plist;
				LD_RUNPATH_SEARCH_PATHS = "$(inherited) @executable_path/Frameworks @loader_path/Frameworks";
				PRODUCT_NAME = "$(TARGET_NAME)";
				TEST_HOST = "$(BUILT_PRODUCTS_DIR)/Demo_TextKit.app/Demo_TextKit";
			};
			name = Release;
		};
/* End XCBuildConfiguration section */

/* Begin XCConfigurationList section */
		B3745A371BF19BB1001EA3B2 /* Build configuration list for PBXProject "Demo_TextKit" */ = {
			isa = XCConfigurationList;
			buildConfigurations = (
				B3745A591BF19BB1001EA3B2 /* Debug */,
				B3745A5A1BF19BB1001EA3B2 /* Release */,
			);
			defaultConfigurationIsVisible = 0;
			defaultConfigurationName = Release;
		};
		B3745A5B1BF19BB1001EA3B2 /* Build configuration list for PBXNativeTarget "Demo_TextKit" */ = {
			isa = XCConfigurationList;
			buildConfigurations = (
				B3745A5C1BF19BB1001EA3B2 /* Debug */,
				B3745A5D1BF19BB1001EA3B2 /* Release */,
			);
			defaultConfigurationIsVisible = 0;
			defaultConfigurationName = Release;
		};
		B3745A5E1BF19BB1001EA3B2 /* Build configuration list for PBXNativeTarget "Demo_TextKitTests" */ = {
			isa = XCConfigurationList;
			buildConfigurations = (
				B3745A5F1BF19BB1001EA3B2 /* Debug */,
				B3745A601BF19BB1001EA3B2 /* Release */,
			);
			defaultConfigurationIsVisible = 0;
			defaultConfigurationName = Release;
		};
/* End XCConfigurationList section */
	};
	rootObject = B3745A341BF19BB1001EA3B2 /* Project object */;
}
